{
  "name": "freeathome-api",
  "version": "1.1.1",
  "lockfileVersion": 1,
  "requires": true,
  "dependencies": {
    "@types/body-parser": {
      "version": "1.17.1",
      "resolved": "https://registry.npmjs.org/@types/body-parser/-/body-parser-1.17.1.tgz",
      "integrity": "sha512-RoX2EZjMiFMjZh9lmYrwgoP9RTpAjSHiJxdp4oidAQVO02T7HER3xj9UKue5534ULWeqVEkujhWcyvUce+d68w==",
      "dev": true,
      "requires": {
        "@types/connect": "*",
        "@types/node": "*"
      }
    },
    "@types/connect": {
      "version": "3.4.32",
      "resolved": "https://registry.npmjs.org/@types/connect/-/connect-3.4.32.tgz",
      "integrity": "sha512-4r8qa0quOvh7lGD0pre62CAb1oni1OO6ecJLGCezTmhQ8Fz50Arx9RUszryR8KlgK6avuSXvviL6yWyViQABOg==",
      "dev": true,
      "requires": {
        "@types/node": "*"
      }
    },
    "@types/express": {
      "version": "4.17.1",
      "resolved": "https://registry.npmjs.org/@types/express/-/express-4.17.1.tgz",
      "integrity": "sha512-VfH/XCP0QbQk5B5puLqTLEeFgR8lfCJHZJKkInZ9mkYd+u8byX0kztXEQxEk4wZXJs8HI+7km2ALXjn4YKcX9w==",
      "dev": true,
      "requires": {
        "@types/body-parser": "*",
        "@types/express-serve-static-core": "*",
        "@types/serve-static": "*"
      }
    },
    "@types/express-serve-static-core": {
      "version": "4.16.9",
      "resolved": "https://registry.npmjs.org/@types/express-serve-static-core/-/express-serve-static-core-4.16.9.tgz",
      "integrity": "sha512-GqpaVWR0DM8FnRUJYKlWgyARoBUAVfRIeVDZQKOttLFp5SmhhF9YFIYeTPwMd/AXfxlP7xVO2dj1fGu0Q+krKQ==",
      "dev": true,
      "requires": {
        "@types/node": "*",
        "@types/range-parser": "*"
      }
    },
    "@types/libsodium-wrappers": {
      "version": "0.7.5",
      "resolved": "https://registry.npmjs.org/@types/libsodium-wrappers/-/libsodium-wrappers-0.7.5.tgz",
      "integrity": "sha512-CfxNQj3+fUwGhV20/yRoiMRjLN6+3cDRAjN2eQ0XKgq/IBhvROsbWxPa34JIiMKGdfHKy92OaMnViyoWw2Nrkg==",
      "dev": true
    },
    "@types/libsodium-wrappers-sumo": {
      "version": "0.7.1",
      "resolved": "https://registry.npmjs.org/@types/libsodium-wrappers-sumo/-/libsodium-wrappers-sumo-0.7.1.tgz",
      "integrity": "sha512-lba5h8X5zhgZSg39fpPUKz+uUuR2h/lzbB2+I4gCRJpIhI2IiVEzJwpQMkivG+W4HAAaarewq2EayEF1x9WbEQ==",
      "dev": true,
      "requires": {
        "@types/libsodium-wrappers": "*"
      }
    },
    "@types/ltx": {
      "version": "2.8.1",
      "resolved": "https://registry.npmjs.org/@types/ltx/-/ltx-2.8.1.tgz",
      "integrity": "sha512-SjgICSxqzd5ZJGveuFJfULEztuT6OlkMjammWl989w6Z7qrvHjizALrAevd4g1+lRq1jrBF6u3r7oxhTeoWtsw==",
      "dev": true,
      "requires": {
        "@types/node": "*"
      }
    },
    "@types/mime": {
      "version": "2.0.1",
      "resolved": "https://registry.npmjs.org/@types/mime/-/mime-2.0.1.tgz",
      "integrity": "sha512-FwI9gX75FgVBJ7ywgnq/P7tw+/o1GUbtP0KzbtusLigAOgIgNISRK0ZPl4qertvXSIE8YbsVJueQ90cDt9YYyw==",
      "dev": true
    },
    "@types/node": {
      "version": "12.7.7",
      "resolved": "https://registry.npmjs.org/@types/node/-/node-12.7.7.tgz",
      "integrity": "sha512-4jUncNe2tj1nmrO/34PsRpZqYVnRV1svbU78cKhuQKkMntKB/AmdLyGgswcZKjFHEHGpiY8pVD8CuVI55nP54w==",
      "dev": true
    },
    "@types/pako": {
      "version": "1.0.1",
      "resolved": "https://registry.npmjs.org/@types/pako/-/pako-1.0.1.tgz",
      "integrity": "sha512-GdZbRSJ3Cv5fiwT6I0SQ3ckeN2PWNqxd26W9Z2fCK1tGrrasGy4puvNFtnddqH9UJFMQYXxEuuB7B8UK+LLwSg==",
      "dev": true
    },
    "@types/range-parser": {
      "version": "1.2.3",
      "resolved": "https://registry.npmjs.org/@types/range-parser/-/range-parser-1.2.3.tgz",
      "integrity": "sha512-ewFXqrQHlFsgc09MK5jP5iR7vumV/BYayNC6PgJO2LPe8vrnNFyjQjSppfEngITi0qvfKtzFvgKymGheFM9UOA==",
      "dev": true
    },
    "@types/serve-static": {
      "version": "1.13.3",
      "resolved": "https://registry.npmjs.org/@types/serve-static/-/serve-static-1.13.3.tgz",
      "integrity": "sha512-oprSwp094zOglVrXdlo/4bAHtKTAxX6VT8FOZlBKrmyLbNvE1zxZyJ6yikMVtHIvwP45+ZQGJn+FdXGKTozq0g==",
      "dev": true,
      "requires": {
        "@types/express-serve-static-core": "*",
        "@types/mime": "*"
      }
    },
    "@types/ws": {
      "version": "6.0.3",
      "resolved": "https://registry.npmjs.org/@types/ws/-/ws-6.0.3.tgz",
      "integrity": "sha512-yBTM0P05Tx9iXGq00BbJPo37ox68R5vaGTXivs6RGh/BQ6QP5zqZDGWdAO6JbRE/iR1l80xeGAwCQS2nMV9S/w==",
      "dev": true,
      "requires": {
        "@types/node": "*"
      }
    },
    "@xmpp/client": {
      "version": "0.7.4",
      "resolved": "https://registry.npmjs.org/@xmpp/client/-/client-0.7.4.tgz",
      "integrity": "sha512-QBcYCcLRX1r6CFyI4Fep+6jwotN9YiLCYCTuNCwl3GZU1z188zEN9N8yIEl54KZdoMXCvxEZyo8BaAveZRrzOQ==",
      "requires": {
        "@xmpp/client-core": "^0.7.4",
        "@xmpp/iq": "^0.7.4",
        "@xmpp/middleware": "^0.7.4",
        "@xmpp/reconnect": "^0.7.0",
        "@xmpp/resolve": "^0.7.4",
        "@xmpp/resource-binding": "^0.7.4",
        "@xmpp/sasl": "^0.7.4",
        "@xmpp/sasl-anonymous": "^0.7.0",
        "@xmpp/sasl-plain": "^0.7.0",
        "@xmpp/sasl-scram-sha-1": "^0.7.0",
        "@xmpp/session-establishment": "^0.7.4",
        "@xmpp/starttls": "^0.7.4",
        "@xmpp/stream-features": "^0.7.0",
        "@xmpp/tcp": "^0.7.4",
        "@xmpp/tls": "^0.7.4",
        "@xmpp/websocket": "^0.7.4"
      }
    },
    "@xmpp/client-core": {
      "version": "0.7.4",
      "resolved": "https://registry.npmjs.org/@xmpp/client-core/-/client-core-0.7.4.tgz",
      "integrity": "sha512-C4WvbWt8G8pUhM1nLDMlBJ5qm7Qy7YRVcBuwTvw6Ko2r/NwNc4ScaF58w3M5vlBodJOiToVkqauAnq5ox1TuLw==",
      "requires": {
        "@xmpp/connection": "^0.7.4",
        "@xmpp/jid": "^0.7.4",
        "@xmpp/xml": "^0.7.4"
      }
    },
    "@xmpp/connection": {
      "version": "0.7.4",
      "resolved": "https://registry.npmjs.org/@xmpp/connection/-/connection-0.7.4.tgz",
      "integrity": "sha512-4ODtQ5B1/mtt9ijsQ0jEOCBwPlv/6Ni6JvSDQwqdAWYZsBUw3zrfs2Lhr2oUO3LjBBTA4sv5LZpj6PcG+6BT9w==",
      "requires": {
        "@xmpp/error": "^0.7.0",
        "@xmpp/events": "^0.7.0",
        "@xmpp/jid": "^0.7.4",
        "@xmpp/streamparser": "^0.0.6",
        "@xmpp/xml": "^0.7.4"
      }
    },
    "@xmpp/connection-tcp": {
      "version": "0.7.4",
      "resolved": "https://registry.npmjs.org/@xmpp/connection-tcp/-/connection-tcp-0.7.4.tgz",
      "integrity": "sha512-nUcbOYm7BcO8p1YHBgJr/CaDUfJj0YYduMCzSJAOuLF7lraQBluCtvZGPAGCezlvBy7xpC6e3mCVIYrG2AOl6A==",
      "requires": {
        "@xmpp/connection": "^0.7.4",
        "@xmpp/streamparser": "^0.0.6",
        "@xmpp/xml": "^0.7.4"
      }
    },
    "@xmpp/error": {
      "version": "0.7.0",
      "resolved": "https://registry.npmjs.org/@xmpp/error/-/error-0.7.0.tgz",
      "integrity": "sha512-zqGxt/Dxl8zfwDGzmRZjrTjtSIACq+Wit4E54SZywbxiykNkmInNpOIrKP2rsPwi7ghQsc7TfOmZxd9Bmc7Emw=="
    },
    "@xmpp/events": {
      "version": "0.7.0",
      "resolved": "https://registry.npmjs.org/@xmpp/events/-/events-0.7.0.tgz",
      "integrity": "sha512-KdKxDJxivilbLEZzSRlup2nVr97MQpLuyMYZq/rMMdk8XafwvCKvNWqdfIYUvsFwWQdxbPW2hPoptYZwtdL9pg==",
      "requires": {
        "events": "^3.0.0"
      }
    },
    "@xmpp/id": {
      "version": "0.7.0",
      "resolved": "https://registry.npmjs.org/@xmpp/id/-/id-0.7.0.tgz",
      "integrity": "sha512-W2zQPPD6PN7TCaJiKgFaTCnbAMhfGnD2MOhghghoxUzsFepO/RtvfmFBsWbM0cRZZw7bumn0W06Cl2MW0FaaYw=="
    },
    "@xmpp/iq": {
      "version": "0.7.4",
      "resolved": "https://registry.npmjs.org/@xmpp/iq/-/iq-0.7.4.tgz",
      "integrity": "sha512-qTRPC2cPJ06TPZl3UfUYyh5U7ONpGgWIE1nutOQT/Ikhv/BDMUY1BAJdhOHC3uxrupZ6pb3V0YGa4DTHx2FJxw==",
      "requires": {
        "@xmpp/events": "^0.7.0",
        "@xmpp/id": "^0.7.0",
        "@xmpp/middleware": "^0.7.4",
        "@xmpp/xml": "^0.7.4"
      }
    },
    "@xmpp/jid": {
      "version": "0.7.4",
      "resolved": "https://registry.npmjs.org/@xmpp/jid/-/jid-0.7.4.tgz",
      "integrity": "sha512-yYpS5UWOvg1gN/D92SkTvs5apW+XxOM40apRRLGLJg5Wk46lYOTk/8WETsdhHKE2xxcfsIDp9Posr89NRdUW5A=="
    },
    "@xmpp/middleware": {
      "version": "0.7.4",
      "resolved": "https://registry.npmjs.org/@xmpp/middleware/-/middleware-0.7.4.tgz",
      "integrity": "sha512-K8gWkDDK2De2gEUCe39gfZa3G/iR1PBuQXzQcS0eV3jP/DAT8LTGLlx/NRsLhhVbscBTpZ1GNggj0y/CxNStpg==",
      "requires": {
        "@xmpp/error": "^0.7.0",
        "@xmpp/jid": "^0.7.4",
        "@xmpp/xml": "^0.7.4",
        "koa-compose": "^4.1.0"
      }
    },
    "@xmpp/reconnect": {
      "version": "0.7.0",
      "resolved": "https://registry.npmjs.org/@xmpp/reconnect/-/reconnect-0.7.0.tgz",
      "integrity": "sha512-B/vRM5Pu+qvrUYiYevnCF6AB2OMqo/pOvMCUZ8QYUGK9YK0V2lj/RubB1pdQdkLasVOGR7k9vkCYnkRGiE9IdA==",
      "requires": {
        "@xmpp/events": "^0.7.0"
      }
    },
    "@xmpp/resolve": {
      "version": "0.7.4",
      "resolved": "https://registry.npmjs.org/@xmpp/resolve/-/resolve-0.7.4.tgz",
      "integrity": "sha512-/fRl80h2oAnI+yie6VwGNDfYZc6q1HF13Sy7DegFSxvzNd2+ICdW+TaSo6K1Ra1BY99o8Xiirntzz/Cz8n61sA==",
      "requires": {
        "@xmpp/connection": "^0.7.4",
        "@xmpp/xml": "^0.7.4",
        "node-fetch": "^2.3.0"
      }
    },
    "@xmpp/resource-binding": {
      "version": "0.7.4",
      "resolved": "https://registry.npmjs.org/@xmpp/resource-binding/-/resource-binding-0.7.4.tgz",
      "integrity": "sha512-cEHYnYh/fMoC2qNpHHmLUQ++i3Bb320TZoT4sPklsKWQI9CxENGvygeRIzmu/8uvUXCboeNA4HlHHui2AJeO+A==",
      "requires": {
        "@xmpp/xml": "^0.7.4"
      }
    },
    "@xmpp/sasl": {
      "version": "0.7.4",
      "resolved": "https://registry.npmjs.org/@xmpp/sasl/-/sasl-0.7.4.tgz",
      "integrity": "sha512-6s57JLRLeB56fmNUlZHeTEeEvgbc3hTenwqyr9ytK79x9dpkW8A696Xf5ipAQHNs+DRfa7iFmnN9SDarfCZjUA==",
      "requires": {
        "@xmpp/error": "^0.7.0",
        "@xmpp/xml": "^0.7.4",
        "js-base64": "^2.5.1",
        "saslmechanisms": "^0.1.1"
      }
    },
    "@xmpp/sasl-anonymous": {
      "version": "0.7.0",
      "resolved": "https://registry.npmjs.org/@xmpp/sasl-anonymous/-/sasl-anonymous-0.7.0.tgz",
      "integrity": "sha512-0NhGR1vvQ6Wmso5Lrz0udJUQ1H90ZcHXEm/+/4mqSdDUaT8H2zRs7leQ7AHzTrWjY+KR42n6Prbjj1jzwpSd0w==",
      "requires": {
        "sasl-anonymous": "^0.1.0"
      }
    },
    "@xmpp/sasl-plain": {
      "version": "0.7.0",
      "resolved": "https://registry.npmjs.org/@xmpp/sasl-plain/-/sasl-plain-0.7.0.tgz",
      "integrity": "sha512-YrYpefnpYlHRg61hd5M1Tfas4Zyx3L5zb+nhPfu34mmScF0zXc+lolJKLj7/PTUdSFujBuftWr59SSK9ycPIFg==",
      "requires": {
        "sasl-plain": "^0.1.0"
      }
    },
    "@xmpp/sasl-scram-sha-1": {
      "version": "0.7.0",
      "resolved": "https://registry.npmjs.org/@xmpp/sasl-scram-sha-1/-/sasl-scram-sha-1-0.7.0.tgz",
      "integrity": "sha512-uV8RJjxWI//RvhyqCVNZSl6gxHVsZxb/7fnLRvB1enCRDcfnXw7lghAXM9xPKm39kQZQnCDhdP0WZ4FOVQ9fvQ==",
      "requires": {
        "sasl-scram-sha-1": "^1.2.0"
      }
    },
    "@xmpp/session-establishment": {
      "version": "0.7.4",
      "resolved": "https://registry.npmjs.org/@xmpp/session-establishment/-/session-establishment-0.7.4.tgz",
      "integrity": "sha512-Z+kHQyCJ2T6qGzI7Fj9PcPHX6jBBmhEAEvXRiOVweMOgd3i/tHVZIe4qPEMQgiAHamefiT94xkn8quxHCbo71Q==",
      "requires": {
        "@xmpp/xml": "^0.7.4"
      }
    },
    "@xmpp/starttls": {
      "version": "0.7.4",
      "resolved": "https://registry.npmjs.org/@xmpp/starttls/-/starttls-0.7.4.tgz",
      "integrity": "sha512-THozvkLb4zrJrAq5vYnWWwVWGkoVllUu++9t8eghyDHGo0lvrCjpGK9cVbpldUedl+0TCqt1WZ+S/ivvWzwzyg==",
      "requires": {
        "@xmpp/xml": "^0.7.4"
      }
    },
    "@xmpp/stream-features": {
      "version": "0.7.0",
      "resolved": "https://registry.npmjs.org/@xmpp/stream-features/-/stream-features-0.7.0.tgz",
      "integrity": "sha512-0pyyfAHoTl/936soSI/8CbMObqerWsNN3tMu9wBgLrMN3F2At23yrEoshD/NOCpAHah9CQEyrnv8X6CJKPgkSA=="
    },
    "@xmpp/streamparser": {
      "version": "0.0.6",
      "resolved": "https://registry.npmjs.org/@xmpp/streamparser/-/streamparser-0.0.6.tgz",
      "integrity": "sha1-EYAz6p23yGoctGED8mnr/3n28eo=",
      "requires": {
        "@xmpp/xml": "^0.1.3",
        "inherits": "^2.0.3",
        "ltx": "^2.5.0"
      },
      "dependencies": {
        "@xmpp/xml": {
          "version": "0.1.3",
          "resolved": "https://registry.npmjs.org/@xmpp/xml/-/xml-0.1.3.tgz",
          "integrity": "sha1-HxQ5nlPkGWiFWGmPbGLnHjmoam4=",
          "requires": {
            "inherits": "^2.0.3",
            "ltx": "^2.6.2"
          }
        }
      }
    },
    "@xmpp/tcp": {
      "version": "0.7.4",
      "resolved": "https://registry.npmjs.org/@xmpp/tcp/-/tcp-0.7.4.tgz",
      "integrity": "sha512-UpUu6+dRLkjB/UHdqrhurAzwFPAY6Ldu3WG/5tDO6hjtYjTsxTzMB77if3i8gy1yl3KthnqwX4AnifLMKA6qRg==",
      "requires": {
        "@xmpp/connection-tcp": "^0.7.4"
      }
    },
    "@xmpp/tls": {
      "version": "0.7.4",
      "resolved": "https://registry.npmjs.org/@xmpp/tls/-/tls-0.7.4.tgz",
      "integrity": "sha512-C6rvZMNOouffoOpDKNEHpM9HHx5LbQCl3DtQZvyPLe4cVmv5pzFWbjiuHwqFCmrfFQgxICxJim3Dw+cPstzZ9g==",
      "requires": {
        "@xmpp/connection-tcp": "^0.7.4"
      }
    },
    "@xmpp/websocket": {
      "version": "0.7.4",
      "resolved": "https://registry.npmjs.org/@xmpp/websocket/-/websocket-0.7.4.tgz",
      "integrity": "sha512-FKZd2SZGVhhJOFK0POWwgMRVIVetmu7b0reDPVfL56+ORaXnC8HQEDGpAPUvTQXIk0GhQmdQbfBoGKG0CMwA9A==",
      "requires": {
        "@xmpp/connection": "^0.7.4",
        "@xmpp/xml": "^0.7.4",
        "ws": "^7.0.0"
      }
    },
    "@xmpp/xml": {
      "version": "0.7.4",
      "resolved": "https://registry.npmjs.org/@xmpp/xml/-/xml-0.7.4.tgz",
      "integrity": "sha512-JbvPfvh85fgQsoeH2zhrj9t6jNoo5/FSLXQ+LueoPka6gojQSc0E7bEU2zeqV2x7VuyjK0aDeNH7q1ezBnkgHg==",
      "requires": {
        "ltx": "^2.8.1"
      }
    },
    "accepts": {
      "version": "1.3.7",
      "resolved": "https://registry.npmjs.org/accepts/-/accepts-1.3.7.tgz",
      "integrity": "sha512-Il80Qs2WjYlJIBNzNkK6KYqlVMTbZLXgHx2oT0pU/fjRHyEp+PEfEPY0R3WCwAGVOtauxh1hOxNgIf5bv7dQpA==",
      "requires": {
        "mime-types": "~2.1.24",
        "negotiator": "0.6.2"
      }
    },
    "array-flatten": {
      "version": "1.1.1",
      "resolved": "https://registry.npmjs.org/array-flatten/-/array-flatten-1.1.1.tgz",
      "integrity": "sha1-ml9pkFGx5wczKPKgCJaLZOopVdI="
    },
    "asmcrypto.js": {
      "version": "2.3.2",
      "resolved": "https://registry.npmjs.org/asmcrypto.js/-/asmcrypto.js-2.3.2.tgz",
      "integrity": "sha512-3FgFARf7RupsZETQ1nHnhLUUvpcttcCq1iZCaVAbJZbCZ5VNRrNyvpDyHTOb0KC3llFcsyOT/a99NZcCbeiEsA=="
    },
    "async-limiter": {
      "version": "1.0.1",
      "resolved": "https://registry.npmjs.org/async-limiter/-/async-limiter-1.0.1.tgz",
      "integrity": "sha512-csOlWGAcRFJaI6m+F2WKdnMKr4HhdhFVBk0H/QbJFMCr+uO2kwohwXQPxw/9OCxp05r5ghVBFSyioixx3gfkNQ=="
    },
    "axios": {
      "version": "0.21.1",
      "resolved": "https://registry.npmjs.org/axios/-/axios-0.21.1.tgz",
      "integrity": "sha512-dKQiRHxGD9PPRIUNIWvZhPTPpl1rf/OxTYKsqKUDjBwYylTvV7SjSHJb9ratfyzM6wCdLCOYLzs73qpg5c4iGA==",
      "requires": {
        "follow-redirects": "^1.10.0"
      }
    },
    "bitwise-xor": {
      "version": "0.0.0",
      "resolved": "https://registry.npmjs.org/bitwise-xor/-/bitwise-xor-0.0.0.tgz",
      "integrity": "sha1-BAqBcrW7jMVisLcRnyMLKhp4Dj0="
    },
    "body-parser": {
      "version": "1.19.0",
      "resolved": "https://registry.npmjs.org/body-parser/-/body-parser-1.19.0.tgz",
      "integrity": "sha512-dhEPs72UPbDnAQJ9ZKMNTP6ptJaionhP5cBb541nXPlW60Jepo9RV/a4fX4XWW9CuFNK22krhrj1+rgzifNCsw==",
      "requires": {
        "bytes": "3.1.0",
        "content-type": "~1.0.4",
        "debug": "2.6.9",
        "depd": "~1.1.2",
        "http-errors": "1.7.2",
        "iconv-lite": "0.4.24",
        "on-finished": "~2.3.0",
        "qs": "6.7.0",
        "raw-body": "2.4.0",
        "type-is": "~1.6.17"
      },
      "dependencies": {
        "debug": {
          "version": "2.6.9",
          "resolved": "https://registry.npmjs.org/debug/-/debug-2.6.9.tgz",
          "integrity": "sha512-bC7ElrdJaJnPbAP+1EotYvqZsb3ecl5wi6Bfi6BJTUcNowp6cvspg0jXznRTKDjm/E7AdgFBVeAPVMNcKGsHMA==",
          "requires": {
            "ms": "2.0.0"
          }
        }
      }
    },
    "bytes": {
      "version": "3.1.0",
      "resolved": "https://registry.npmjs.org/bytes/-/bytes-3.1.0.tgz",
      "integrity": "sha512-zauLjrfCG+xvoyaqLoV8bLVXXNGC4JqlxFCutSDWA6fJrTo2ZuvLYTqZ7aHBLZSMOopbzwv8f+wZcVzfVTI2Dg=="
    },
    "cipher-base": {
      "version": "1.0.4",
      "resolved": "https://registry.npmjs.org/cipher-base/-/cipher-base-1.0.4.tgz",
      "integrity": "sha512-Kkht5ye6ZGmwv40uUDZztayT2ThLQGfnj/T71N/XzeZeo3nf8foyW7zGTsPYkEya3m5f3cAypH+qe7YOrM1U2Q==",
      "requires": {
        "inherits": "^2.0.1",
        "safe-buffer": "^5.0.1"
      }
    },
    "compare-versions": {
      "version": "3.5.1",
      "resolved": "https://registry.npmjs.org/compare-versions/-/compare-versions-3.5.1.tgz",
      "integrity": "sha512-9fGPIB7C6AyM18CJJBHt5EnCZDG3oiTJYy0NjfIAGjKpzv0tkxWko7TNQHF5ymqm7IH03tqmeuBxtvD+Izh6mg=="
    },
    "content-disposition": {
      "version": "0.5.3",
      "resolved": "https://registry.npmjs.org/content-disposition/-/content-disposition-0.5.3.tgz",
      "integrity": "sha512-ExO0774ikEObIAEV9kDo50o+79VCUdEB6n6lzKgGwupcVeRlhrj3qGAfwq8G6uBJjkqLrhT0qEYFcWng8z1z0g==",
      "requires": {
        "safe-buffer": "5.1.2"
      },
      "dependencies": {
        "safe-buffer": {
          "version": "5.1.2",
          "resolved": "https://registry.npmjs.org/safe-buffer/-/safe-buffer-5.1.2.tgz",
          "integrity": "sha512-Gd2UZBJDkXlY7GbJxfsE8/nvKkUEU1G38c1siN6QP6a9PT9MmHB8GnpscSmMJSoF8LOIrt8ud/wPtojys4G6+g=="
        }
      }
    },
    "content-type": {
      "version": "1.0.4",
      "resolved": "https://registry.npmjs.org/content-type/-/content-type-1.0.4.tgz",
      "integrity": "sha512-hIP3EEPs8tB9AT1L+NUqtwOAps4mk2Zob89MWXMHjHWg9milF/j4osnnQLXBCBFBk/tvIG/tUc9mOUJiPBhPXA=="
    },
    "cookie": {
      "version": "0.4.0",
      "resolved": "https://registry.npmjs.org/cookie/-/cookie-0.4.0.tgz",
      "integrity": "sha512-+Hp8fLp57wnUSt0tY0tHEXh4voZRDnoIrZPqlo3DPiI4y9lwg/jqx+1Om94/W6ZaPDOUbnjOt/99w66zk+l1Xg=="
    },
    "cookie-signature": {
      "version": "1.0.6",
      "resolved": "https://registry.npmjs.org/cookie-signature/-/cookie-signature-1.0.6.tgz",
      "integrity": "sha1-4wOogrNCzD7oylE6eZmXNNqzriw="
    },
    "create-hash": {
      "version": "1.2.0",
      "resolved": "https://registry.npmjs.org/create-hash/-/create-hash-1.2.0.tgz",
      "integrity": "sha512-z00bCGNHDG8mHAkP7CtT1qVu+bFQUPjYq/4Iv3C3kWjTFV10zIjfSoeqXo9Asws8gwSHDGj/hl2u4OGIjapeCg==",
      "requires": {
        "cipher-base": "^1.0.1",
        "inherits": "^2.0.1",
        "md5.js": "^1.3.4",
        "ripemd160": "^2.0.1",
        "sha.js": "^2.4.0"
      }
    },
    "create-hmac": {
      "version": "1.1.7",
      "resolved": "https://registry.npmjs.org/create-hmac/-/create-hmac-1.1.7.tgz",
      "integrity": "sha512-MJG9liiZ+ogc4TzUwuvbER1JRdgvUFSB5+VR/g5h82fGaIRWMWddtKBHi7/sVhfjQZ6SehlyhvQYrcYkaUIpLg==",
      "requires": {
        "cipher-base": "^1.0.3",
        "create-hash": "^1.1.0",
        "inherits": "^2.0.1",
        "ripemd160": "^2.0.0",
        "safe-buffer": "^5.0.1",
        "sha.js": "^2.4.8"
      }
    },
    "depd": {
      "version": "1.1.2",
      "resolved": "https://registry.npmjs.org/depd/-/depd-1.1.2.tgz",
      "integrity": "sha1-m81S4UwJd2PnSbJ0xDRu0uVgtak="
    },
    "destroy": {
      "version": "1.0.4",
      "resolved": "https://registry.npmjs.org/destroy/-/destroy-1.0.4.tgz",
      "integrity": "sha1-l4hXRCxEdJ5CBmE+N5RiBYJqvYA="
    },
    "ee-first": {
      "version": "1.1.1",
      "resolved": "https://registry.npmjs.org/ee-first/-/ee-first-1.1.1.tgz",
      "integrity": "sha1-WQxhFWsK4vTwJVcyoViyZrxWsh0="
    },
    "encodeurl": {
      "version": "1.0.2",
      "resolved": "https://registry.npmjs.org/encodeurl/-/encodeurl-1.0.2.tgz",
      "integrity": "sha1-rT/0yG7C0CkyL1oCw6mmBslbP1k="
    },
    "escape-html": {
      "version": "1.0.3",
      "resolved": "https://registry.npmjs.org/escape-html/-/escape-html-1.0.3.tgz",
      "integrity": "sha1-Aljq5NPQwJdN4cFpGI7wBR0dGYg="
    },
    "etag": {
      "version": "1.8.1",
      "resolved": "https://registry.npmjs.org/etag/-/etag-1.8.1.tgz",
      "integrity": "sha1-Qa4u62XvpiJorr/qg6x9eSmbCIc="
    },
    "events": {
      "version": "3.0.0",
      "resolved": "https://registry.npmjs.org/events/-/events-3.0.0.tgz",
      "integrity": "sha512-Dc381HFWJzEOhQ+d8pkNon++bk9h6cdAoAj4iE6Q4y6xgTzySWXlKn05/TVNpjnfRqi/X0EpJEJohPjNI3zpVA=="
    },
    "express": {
      "version": "4.17.1",
      "resolved": "https://registry.npmjs.org/express/-/express-4.17.1.tgz",
      "integrity": "sha512-mHJ9O79RqluphRrcw2X/GTh3k9tVv8YcoyY4Kkh4WDMUYKRZUq0h1o0w2rrrxBqM7VoeUVqgb27xlEMXTnYt4g==",
      "requires": {
        "accepts": "~1.3.7",
        "array-flatten": "1.1.1",
        "body-parser": "1.19.0",
        "content-disposition": "0.5.3",
        "content-type": "~1.0.4",
        "cookie": "0.4.0",
        "cookie-signature": "1.0.6",
        "debug": "2.6.9",
        "depd": "~1.1.2",
        "encodeurl": "~1.0.2",
        "escape-html": "~1.0.3",
        "etag": "~1.8.1",
        "finalhandler": "~1.1.2",
        "fresh": "0.5.2",
        "merge-descriptors": "1.0.1",
        "methods": "~1.1.2",
        "on-finished": "~2.3.0",
        "parseurl": "~1.3.3",
        "path-to-regexp": "0.1.7",
        "proxy-addr": "~2.0.5",
        "qs": "6.7.0",
        "range-parser": "~1.2.1",
        "safe-buffer": "5.1.2",
        "send": "0.17.1",
        "serve-static": "1.14.1",
        "setprototypeof": "1.1.1",
        "statuses": "~1.5.0",
        "type-is": "~1.6.18",
        "utils-merge": "1.0.1",
        "vary": "~1.1.2"
      },
      "dependencies": {
        "debug": {
          "version": "2.6.9",
          "resolved": "https://registry.npmjs.org/debug/-/debug-2.6.9.tgz",
          "integrity": "sha512-bC7ElrdJaJnPbAP+1EotYvqZsb3ecl5wi6Bfi6BJTUcNowp6cvspg0jXznRTKDjm/E7AdgFBVeAPVMNcKGsHMA==",
          "requires": {
            "ms": "2.0.0"
          }
        },
        "safe-buffer": {
          "version": "5.1.2",
          "resolved": "https://registry.npmjs.org/safe-buffer/-/safe-buffer-5.1.2.tgz",
          "integrity": "sha512-Gd2UZBJDkXlY7GbJxfsE8/nvKkUEU1G38c1siN6QP6a9PT9MmHB8GnpscSmMJSoF8LOIrt8ud/wPtojys4G6+g=="
        }
      }
    },
    "finalhandler": {
      "version": "1.1.2",
      "resolved": "https://registry.npmjs.org/finalhandler/-/finalhandler-1.1.2.tgz",
      "integrity": "sha512-aAWcW57uxVNrQZqFXjITpW3sIUQmHGG3qSb9mUah9MgMC4NeWhNOlNjXEYq3HjRAvL6arUviZGGJsBg6z0zsWA==",
      "requires": {
        "debug": "2.6.9",
        "encodeurl": "~1.0.2",
        "escape-html": "~1.0.3",
        "on-finished": "~2.3.0",
        "parseurl": "~1.3.3",
        "statuses": "~1.5.0",
        "unpipe": "~1.0.0"
      },
      "dependencies": {
        "debug": {
          "version": "2.6.9",
          "resolved": "https://registry.npmjs.org/debug/-/debug-2.6.9.tgz",
          "integrity": "sha512-bC7ElrdJaJnPbAP+1EotYvqZsb3ecl5wi6Bfi6BJTUcNowp6cvspg0jXznRTKDjm/E7AdgFBVeAPVMNcKGsHMA==",
          "requires": {
            "ms": "2.0.0"
          }
        }
      }
    },
    "follow-redirects": {
      "version": "1.13.1",
      "resolved": "https://registry.npmjs.org/follow-redirects/-/follow-redirects-1.13.1.tgz",
      "integrity": "sha512-SSG5xmZh1mkPGyKzjZP8zLjltIfpW32Y5QpdNJyjcfGxK3qo3NDDkZOZSFiGn1A6SclQxY9GzEwAHQ3dmYRWpg=="
    },
    "forwarded": {
      "version": "0.1.2",
      "resolved": "https://registry.npmjs.org/forwarded/-/forwarded-0.1.2.tgz",
      "integrity": "sha1-mMI9qxF1ZXuMBXPozszZGw/xjIQ="
    },
    "fresh": {
      "version": "0.5.2",
      "resolved": "https://registry.npmjs.org/fresh/-/fresh-0.5.2.tgz",
      "integrity": "sha1-PYyt2Q2XZWn6g1qx+OSyOhBWBac="
    },
    "hash-base": {
      "version": "3.0.4",
      "resolved": "https://registry.npmjs.org/hash-base/-/hash-base-3.0.4.tgz",
      "integrity": "sha1-X8hoaEfs1zSZQDMZprCj8/auSRg=",
      "requires": {
        "inherits": "^2.0.1",
        "safe-buffer": "^5.0.1"
      }
    },
    "http-errors": {
      "version": "1.7.2",
      "resolved": "https://registry.npmjs.org/http-errors/-/http-errors-1.7.2.tgz",
      "integrity": "sha512-uUQBt3H/cSIVfch6i1EuPNy/YsRSOUBXTVfZ+yR7Zjez3qjBz6i9+i4zjNaoqcoFVI4lQJ5plg63TvGfRSDCRg==",
      "requires": {
        "depd": "~1.1.2",
        "inherits": "2.0.3",
        "setprototypeof": "1.1.1",
        "statuses": ">= 1.5.0 < 2",
        "toidentifier": "1.0.0"
      },
      "dependencies": {
        "inherits": {
          "version": "2.0.3",
          "resolved": "https://registry.npmjs.org/inherits/-/inherits-2.0.3.tgz",
          "integrity": "sha1-Yzwsg+PaQqUC9SRmAiSA9CCCYd4="
        }
      }
    },
    "iconv-lite": {
      "version": "0.4.24",
      "resolved": "https://registry.npmjs.org/iconv-lite/-/iconv-lite-0.4.24.tgz",
      "integrity": "sha512-v3MXnZAcvnywkTUEZomIActle7RXXeedOR31wwl7VlyoXO4Qi9arvSenNQWne1TcRwhCL1HwLI21bEqdpj8/rA==",
      "requires": {
        "safer-buffer": ">= 2.1.2 < 3"
      }
    },
    "inherits": {
      "version": "2.0.4",
      "resolved": "https://registry.npmjs.org/inherits/-/inherits-2.0.4.tgz",
      "integrity": "sha512-k/vGaX4/Yla3WzyMCvTQOXYeIHvqOKtnqBduzTHpzpQZzAskKMhZ2K+EnBiSM9zGSoIFeMpXKxa4dYeZIQqewQ=="
    },
    "ipaddr.js": {
      "version": "1.9.0",
      "resolved": "https://registry.npmjs.org/ipaddr.js/-/ipaddr.js-1.9.0.tgz",
      "integrity": "sha512-M4Sjn6N/+O6/IXSJseKqHoFc+5FdGJ22sXqnjTpdZweHK64MzEPAyQZyEU3R/KRv2GLoa7nNtg/C2Ev6m7z+eA=="
    },
    "js-base64": {
      "version": "2.5.1",
      "resolved": "https://registry.npmjs.org/js-base64/-/js-base64-2.5.1.tgz",
      "integrity": "sha512-M7kLczedRMYX4L8Mdh4MzyAMM9O5osx+4FcOQuTvr3A9F2D9S5JXheN0ewNbrvK2UatkTRhL5ejGmGSjNMiZuw=="
    },
    "koa-compose": {
      "version": "4.1.0",
      "resolved": "https://registry.npmjs.org/koa-compose/-/koa-compose-4.1.0.tgz",
      "integrity": "sha512-8ODW8TrDuMYvXRwra/Kh7/rJo9BtOfPc6qO8eAfC80CnCvSjSl0bkRM24X6/XBBEyj0v1nRUQ1LyOy3dbqOWXw=="
    },
    "libsodium-sumo": {
      "version": "0.7.5",
      "resolved": "https://registry.npmjs.org/libsodium-sumo/-/libsodium-sumo-0.7.5.tgz",
      "integrity": "sha512-dMFGn0cPpvwyU8/tpI9xe/6U5U8D/rVcAuc908bpL9e8LH2dPO0n3jNatOLLdmhc2RxmEAQ+3ArkTZI/c9XdCQ=="
    },
    "libsodium-wrappers-sumo": {
      "version": "0.7.5",
      "resolved": "https://registry.npmjs.org/libsodium-wrappers-sumo/-/libsodium-wrappers-sumo-0.7.5.tgz",
      "integrity": "sha512-iKnBoRI6TagVZeD9lThftKRYYruwhNQY1g9AuM04OwA+kEy5LXTQPdy93clpnHp7AhMJ1V09mu57gmKYmgpSFA==",
      "requires": {
        "libsodium-sumo": "0.7.5"
      }
    },
    "ltx": {
      "version": "2.9.0",
      "resolved": "https://registry.npmjs.org/ltx/-/ltx-2.9.0.tgz",
      "integrity": "sha512-mPlogzRuhMqZnMZW/7kWon52t9D0dq9VujYRP+yQ8aE7LL3dToC/3QGKEZVAtfUBHIMEevtF/FXNIDhorGnT4Q==",
      "requires": {
        "inherits": "^2.0.4"
      }
    },
    "md5.js": {
      "version": "1.3.5",
      "resolved": "https://registry.npmjs.org/md5.js/-/md5.js-1.3.5.tgz",
      "integrity": "sha512-xitP+WxNPcTTOgnTJcrhM0xvdPepipPSf3I8EIpGKeFLjt3PlJLIDG3u8EX53ZIubkb+5U2+3rELYpEhHhzdkg==",
      "requires": {
        "hash-base": "^3.0.0",
        "inherits": "^2.0.1",
        "safe-buffer": "^5.1.2"
      }
    },
    "media-typer": {
      "version": "0.3.0",
      "resolved": "https://registry.npmjs.org/media-typer/-/media-typer-0.3.0.tgz",
      "integrity": "sha1-hxDXrwqmJvj/+hzgAWhUUmMlV0g="
    },
    "merge-descriptors": {
      "version": "1.0.1",
      "resolved": "https://registry.npmjs.org/merge-descriptors/-/merge-descriptors-1.0.1.tgz",
      "integrity": "sha1-sAqqVW3YtEVoFQ7J0blT8/kMu2E="
    },
    "methods": {
      "version": "1.1.2",
      "resolved": "https://registry.npmjs.org/methods/-/methods-1.1.2.tgz",
      "integrity": "sha1-VSmk1nZUE07cxSZmVoNbD4Ua/O4="
    },
    "mime": {
      "version": "1.6.0",
      "resolved": "https://registry.npmjs.org/mime/-/mime-1.6.0.tgz",
      "integrity": "sha512-x0Vn8spI+wuJ1O6S7gnbaQg8Pxh4NNHb7KSINmEWKiPE4RKOplvijn+NkmYmmRgP68mc70j2EbeTFRsrswaQeg=="
    },
    "mime-db": {
      "version": "1.40.0",
      "resolved": "https://registry.npmjs.org/mime-db/-/mime-db-1.40.0.tgz",
      "integrity": "sha512-jYdeOMPy9vnxEqFRRo6ZvTZ8d9oPb+k18PKoYNYUe2stVEBPPwsln/qWzdbmaIvnhZ9v2P+CuecK+fpUfsV2mA=="
    },
    "mime-types": {
      "version": "2.1.24",
      "resolved": "https://registry.npmjs.org/mime-types/-/mime-types-2.1.24.tgz",
      "integrity": "sha512-WaFHS3MCl5fapm3oLxU4eYDw77IQM2ACcxQ9RIxfaC3ooc6PFuBMGZZsYpvoXS5D5QTWPieo1jjLdAm3TBP3cQ==",
      "requires": {
        "mime-db": "1.40.0"
      }
    },
    "ms": {
      "version": "2.0.0",
      "resolved": "https://registry.npmjs.org/ms/-/ms-2.0.0.tgz",
      "integrity": "sha1-VgiurfwAvmwpAd9fmGF4jeDVl8g="
    },
    "negotiator": {
      "version": "0.6.2",
      "resolved": "https://registry.npmjs.org/negotiator/-/negotiator-0.6.2.tgz",
      "integrity": "sha512-hZXc7K2e+PgeI1eDBe/10Ard4ekbfrrqG8Ep+8Jmf4JID2bNg7NvCPOZN+kfF574pFQI7mum2AUqDidoKqcTOw=="
    },
    "node-fetch": {
      "version": "2.6.0",
      "resolved": "https://registry.npmjs.org/node-fetch/-/node-fetch-2.6.0.tgz",
      "integrity": "sha512-8dG4H5ujfvFiqDmVu9fQ5bOHUC15JMjMY/Zumv26oOvvVJjM67KF8koCWIabKQ1GJIa9r2mMZscBq/TbdOcmNA=="
    },
    "on-finished": {
      "version": "2.3.0",
      "resolved": "https://registry.npmjs.org/on-finished/-/on-finished-2.3.0.tgz",
      "integrity": "sha1-IPEzZIGwg811M3mSoWlxqi2QaUc=",
      "requires": {
        "ee-first": "1.1.1"
      }
    },
    "pako": {
      "version": "1.0.10",
      "resolved": "https://registry.npmjs.org/pako/-/pako-1.0.10.tgz",
      "integrity": "sha512-0DTvPVU3ed8+HNXOu5Bs+o//Mbdj9VNQMUOe9oKCwh8l0GNwpTDMKCWbRjgtD291AWnkAgkqA/LOnQS8AmS1tw=="
    },
    "parseurl": {
      "version": "1.3.3",
      "resolved": "https://registry.npmjs.org/parseurl/-/parseurl-1.3.3.tgz",
      "integrity": "sha512-CiyeOxFT/JZyN5m0z9PfXw4SCBJ6Sygz1Dpl0wqjlhDEGGBP1GnsUVEL0p63hoG1fcj3fHynXi9NYO4nWOL+qQ=="
    },
    "path-to-regexp": {
      "version": "0.1.7",
      "resolved": "https://registry.npmjs.org/path-to-regexp/-/path-to-regexp-0.1.7.tgz",
      "integrity": "sha1-32BBeABfUi8V60SQ5yR6G/qmf4w="
    },
    "proxy-addr": {
      "version": "2.0.5",
      "resolved": "https://registry.npmjs.org/proxy-addr/-/proxy-addr-2.0.5.tgz",
      "integrity": "sha512-t/7RxHXPH6cJtP0pRG6smSr9QJidhB+3kXu0KgXnbGYMgzEnUxRQ4/LDdfOwZEMyIh3/xHb8PX3t+lfL9z+YVQ==",
      "requires": {
        "forwarded": "~0.1.2",
        "ipaddr.js": "1.9.0"
      }
    },
    "qs": {
      "version": "6.7.0",
      "resolved": "https://registry.npmjs.org/qs/-/qs-6.7.0.tgz",
      "integrity": "sha512-VCdBRNFTX1fyE7Nb6FYoURo/SPe62QCaAyzJvUjwRaIsc+NePBEniHlvxFmmX56+HZphIGtV0XeCirBtpDrTyQ=="
    },
    "randombytes": {
      "version": "2.1.0",
      "resolved": "https://registry.npmjs.org/randombytes/-/randombytes-2.1.0.tgz",
      "integrity": "sha512-vYl3iOX+4CKUWuxGi9Ukhie6fsqXqS9FE2Zaic4tNFD2N2QQaXOMFbuKK4QmDHC0JO6B1Zp41J0LpT0oR68amQ==",
      "requires": {
        "safe-buffer": "^5.1.0"
      }
    },
    "range-parser": {
      "version": "1.2.1",
      "resolved": "https://registry.npmjs.org/range-parser/-/range-parser-1.2.1.tgz",
      "integrity": "sha512-Hrgsx+orqoygnmhFbKaHE6c296J+HTAQXoxEF6gNupROmmGJRoyzfG3ccAveqCBrwr/2yxQ5BVd/GTl5agOwSg=="
    },
    "raw-body": {
      "version": "2.4.0",
      "resolved": "https://registry.npmjs.org/raw-body/-/raw-body-2.4.0.tgz",
      "integrity": "sha512-4Oz8DUIwdvoa5qMJelxipzi/iJIi40O5cGV1wNYp5hvZP8ZN0T+jiNkL0QepXs+EsQ9XJ8ipEDoiH70ySUJP3Q==",
      "requires": {
        "bytes": "3.1.0",
        "http-errors": "1.7.2",
        "iconv-lite": "0.4.24",
        "unpipe": "1.0.0"
      }
    },
    "ripemd160": {
      "version": "2.0.2",
      "resolved": "https://registry.npmjs.org/ripemd160/-/ripemd160-2.0.2.tgz",
      "integrity": "sha512-ii4iagi25WusVoiC4B4lq7pbXfAp3D9v5CwfkY33vffw2+pkDjY1D8GaN7spsxvCSx8dkPqOZCEZyfxcmJG2IA==",
      "requires": {
        "hash-base": "^3.0.0",
        "inherits": "^2.0.1"
      }
    },
    "safe-buffer": {
      "version": "5.2.0",
      "resolved": "https://registry.npmjs.org/safe-buffer/-/safe-buffer-5.2.0.tgz",
      "integrity": "sha512-fZEwUGbVl7kouZs1jCdMLdt95hdIv0ZeHg6L7qPeciMZhZ+/gdesW4wgTARkrFWEpspjEATAzUGPG8N2jJiwbg=="
    },
    "safer-buffer": {
      "version": "2.1.2",
      "resolved": "https://registry.npmjs.org/safer-buffer/-/safer-buffer-2.1.2.tgz",
      "integrity": "sha512-YZo3K82SD7Riyi0E1EQPojLz7kpepnSQI9IyPbHHg1XXXevb5dJI7tpyN2ADxGcQbHG7vcyRHk0cbwqcQriUtg=="
    },
    "sasl-anonymous": {
      "version": "0.1.0",
      "resolved": "https://registry.npmjs.org/sasl-anonymous/-/sasl-anonymous-0.1.0.tgz",
      "integrity": "sha1-9UTH6CTfKkDZrUczgpVyzI2e1aU="
    },
    "sasl-plain": {
      "version": "0.1.0",
      "resolved": "https://registry.npmjs.org/sasl-plain/-/sasl-plain-0.1.0.tgz",
      "integrity": "sha1-zxRefAIiK2TWDAgG2c0q5TgEJsw="
    },
    "sasl-scram-sha-1": {
      "version": "1.2.1",
      "resolved": "https://registry.npmjs.org/sasl-scram-sha-1/-/sasl-scram-sha-1-1.2.1.tgz",
      "integrity": "sha1-2I1R/qoP8yDY6x1vx1ZXZT+dzUs=",
      "requires": {
        "bitwise-xor": "0.0.0",
        "create-hash": "^1.1.0",
        "create-hmac": "^1.1.3",
        "randombytes": "^2.0.1"
      }
    },
    "saslmechanisms": {
      "version": "0.1.1",
      "resolved": "https://registry.npmjs.org/saslmechanisms/-/saslmechanisms-0.1.1.tgz",
      "integrity": "sha1-R4vhQpUA/PqngL6IszQ87X0qkYI="
    },
    "send": {
      "version": "0.17.1",
      "resolved": "https://registry.npmjs.org/send/-/send-0.17.1.tgz",
      "integrity": "sha512-BsVKsiGcQMFwT8UxypobUKyv7irCNRHk1T0G680vk88yf6LBByGcZJOTJCrTP2xVN6yI+XjPJcNuE3V4fT9sAg==",
      "requires": {
        "debug": "2.6.9",
        "depd": "~1.1.2",
        "destroy": "~1.0.4",
        "encodeurl": "~1.0.2",
        "escape-html": "~1.0.3",
        "etag": "~1.8.1",
        "fresh": "0.5.2",
        "http-errors": "~1.7.2",
        "mime": "1.6.0",
        "ms": "2.1.1",
        "on-finished": "~2.3.0",
        "range-parser": "~1.2.1",
        "statuses": "~1.5.0"
      },
      "dependencies": {
        "debug": {
          "version": "2.6.9",
          "resolved": "https://registry.npmjs.org/debug/-/debug-2.6.9.tgz",
          "integrity": "sha512-bC7ElrdJaJnPbAP+1EotYvqZsb3ecl5wi6Bfi6BJTUcNowp6cvspg0jXznRTKDjm/E7AdgFBVeAPVMNcKGsHMA==",
          "requires": {
            "ms": "2.0.0"
          },
          "dependencies": {
            "ms": {
              "version": "2.0.0",
              "resolved": "https://registry.npmjs.org/ms/-/ms-2.0.0.tgz",
              "integrity": "sha1-VgiurfwAvmwpAd9fmGF4jeDVl8g="
            }
          }
        },
        "ms": {
          "version": "2.1.1",
          "resolved": "https://registry.npmjs.org/ms/-/ms-2.1.1.tgz",
          "integrity": "sha512-tgp+dl5cGk28utYktBsrFqA7HKgrhgPsg6Z/EfhWI4gl1Hwq8B/GmY/0oXZ6nF8hDVesS/FpnYaD/kOWhYQvyg=="
        }
      }
    },
    "serve-static": {
      "version": "1.14.1",
      "resolved": "https://registry.npmjs.org/serve-static/-/serve-static-1.14.1.tgz",
      "integrity": "sha512-JMrvUwE54emCYWlTI+hGrGv5I8dEwmco/00EvkzIIsR7MqrHonbD9pO2MOfFnpFntl7ecpZs+3mW+XbQZu9QCg==",
      "requires": {
        "encodeurl": "~1.0.2",
        "escape-html": "~1.0.3",
        "parseurl": "~1.3.3",
        "send": "0.17.1"
      }
    },
    "setprototypeof": {
      "version": "1.1.1",
      "resolved": "https://registry.npmjs.org/setprototypeof/-/setprototypeof-1.1.1.tgz",
      "integrity": "sha512-JvdAWfbXeIGaZ9cILp38HntZSFSo3mWg6xGcJJsd+d4aRMOqauag1C63dJfDw7OaMYwEbHMOxEZ1lqVRYP2OAw=="
    },
    "sha.js": {
      "version": "2.4.11",
      "resolved": "https://registry.npmjs.org/sha.js/-/sha.js-2.4.11.tgz",
      "integrity": "sha512-QMEp5B7cftE7APOjk5Y6xgrbWu+WkLVQwk8JNjZ8nKRciZaByEW6MubieAiToS7+dwvrjGhH8jRXz3MVd0AYqQ==",
      "requires": {
        "inherits": "^2.0.1",
        "safe-buffer": "^5.0.1"
      }
    },
    "statuses": {
      "version": "1.5.0",
      "resolved": "https://registry.npmjs.org/statuses/-/statuses-1.5.0.tgz",
      "integrity": "sha1-Fhx9rBd2Wf2YEfQ3cfqZOBR4Yow="
    },
    "toidentifier": {
      "version": "1.0.0",
      "resolved": "https://registry.npmjs.org/toidentifier/-/toidentifier-1.0.0.tgz",
      "integrity": "sha512-yaOH/Pk/VEhBWWTlhI+qXxDFXlejDGcQipMlyxda9nthulaxLZUNcUqFxokp0vcYnvteJln5FNQDRrxj3YcbVw=="
    },
    "type-is": {
      "version": "1.6.18",
      "resolved": "https://registry.npmjs.org/type-is/-/type-is-1.6.18.tgz",
      "integrity": "sha512-TkRKr9sUTxEH8MdfuCSP7VizJyzRNMjj2J2do2Jr3Kym598JVdEksuzPQCnlFPW4ky9Q+iA+ma9BGm06XQBy8g==",
      "requires": {
        "media-typer": "0.3.0",
        "mime-types": "~2.1.24"
      }
    },
    "typescript": {
      "version": "3.6.3",
      "resolved": "https://registry.npmjs.org/typescript/-/typescript-3.6.3.tgz",
      "integrity": "sha512-N7bceJL1CtRQ2RiG0AQME13ksR7DiuQh/QehubYcghzv20tnh+MQnQIuJddTmsbqYj+dztchykemz0zFzlvdQw==",
      "dev": true
    },
    "unpipe": {
      "version": "1.0.0",
      "resolved": "https://registry.npmjs.org/unpipe/-/unpipe-1.0.0.tgz",
      "integrity": "sha1-sr9O6FFKrmFltIF4KdIbLvSZBOw="
    },
    "utils-merge": {
      "version": "1.0.1",
      "resolved": "https://registry.npmjs.org/utils-merge/-/utils-merge-1.0.1.tgz",
      "integrity": "sha1-n5VxD1CiZ5R7LMwSR0HBAoQn5xM="
    },
    "vary": {
      "version": "1.1.2",
      "resolved": "https://registry.npmjs.org/vary/-/vary-1.1.2.tgz",
      "integrity": "sha1-IpnwLG3tMNSllhsLn3RSShj2NPw="
    },
    "ws": {
      "version": "7.1.2",
      "resolved": "https://registry.npmjs.org/ws/-/ws-7.1.2.tgz",
      "integrity": "sha512-gftXq3XI81cJCgkUiAVixA0raD9IVmXqsylCrjRygw4+UOOGzPoxnQ6r/CnVL9i+mDncJo94tSkyrtuuQVBmrg==",
      "requires": {
        "async-limiter": "^1.0.0"
      }
    }
  }
}
